
Microsoft Visual Studio Solution File, Format Version 12.00
# Visual Studio Version 16
VisualStudioVersion = 16.0.31005.135
MinimumVisualStudioVersion = 10.0.40219.1
Project("{FAE04EC0-301F-11D3-BF4B-00C04F79EFBC}") = "RPGCharacter", "RPGCharacter\RPGCharacter.csproj", "{B886F641-54A0-4647-BC71-432037E924FC}"
EndProject
Global
	GlobalSection(SolutionConfigurationPlatforms) = preSolution
		Debug|Any CPU = Debug|Any CPU
		Release|Any CPU = Release|Any CPU
	EndGlobalSection
	GlobalSection(ProjectConfigurationPlatforms) = postSolution
		{B886F641-54A0-4647-BC71-432037E924FC}.Debug|Any CPU.ActiveCfg = Debug|Any CPU
		{B886F641-54A0-4647-BC71-432037E924FC}.Debug|Any CPU.Build.0 = Debug|Any CPU
		{B886F641-54A0-4647-BC71-432037E924FC}.Release|Any CPU.ActiveCfg = Release|Any CPU
		{B886F641-54A0-4647-BC71-432037E924FC}.Release|Any CPU.Build.0 = Release|Any CPU
	EndGlobalSection
	GlobalSection(SolutionProperties) = preSolution
		HideSolutionNode = FALSE
	EndGlobalSection
	GlobalSection(ExtensibilityGlobals) = postSolution
		SolutionGuid = {99FD292A-9E19-4268-80FC-AA36B9EDA2AC}
	EndGlobalSection
EndGlobal
